
Microsoft Visual Studio Solution File, Format Version 11.00
# Visual C# Express 2010
Project("{FAE04EC0-301F-11D3-BF4B-00C04F79EFBC}") = "Atividade 17", "Atividade 17\Atividade 17.csproj", "{984439C1-40B8-4A90-A340-6F471689447C}"
EndProject
Global
	GlobalSection(SolutionConfigurationPlatforms) = preSolution
		Debug|x86 = Debug|x86
		Release|x86 = Release|x86
	EndGlobalSection
	GlobalSection(ProjectConfigurationPlatforms) = postSolution
		{984439C1-40B8-4A90-A340-6F471689447C}.Debug|x86.ActiveCfg = Debug|x86
		{984439C1-40B8-4A90-A340-6F471689447C}.Debug|x86.Build.0 = Debug|x86
		{984439C1-40B8-4A90-A340-6F471689447C}.Release|x86.ActiveCfg = Release|x86
		{984439C1-40B8-4A90-A340-6F471689447C}.Release|x86.Build.0 = Release|x86
	EndGlobalSection
	GlobalSection(SolutionProperties) = preSolution
		HideSolutionNode = FALSE
	EndGlobalSection
EndGlobal
